
Microsoft Visual Studio Solution File, Format Version 12.00
# Visual Studio Version 16
VisualStudioVersion = 16.0.30413.136
MinimumVisualStudioVersion = 10.0.40219.1
Project("{FAE04EC0-301F-11D3-BF4B-00C04F79EFBC}") = "dfffff", "dfffff\dfffff.csproj", "{F8A048DA-441D-4A45-9C79-A3FC527FC851}"
EndProject
Global
	GlobalSection(SolutionConfigurationPlatforms) = preSolution
		Debug|Any CPU = Debug|Any CPU
		Release|Any CPU = Release|Any CPU
	EndGlobalSection
	GlobalSection(ProjectConfigurationPlatforms) = postSolution
		{F8A048DA-441D-4A45-9C79-A3FC527FC851}.Debug|Any CPU.ActiveCfg = Debug|Any CPU
		{F8A048DA-441D-4A45-9C79-A3FC527FC851}.Debug|Any CPU.Build.0 = Debug|Any CPU
		{F8A048DA-441D-4A45-9C79-A3FC527FC851}.Release|Any CPU.ActiveCfg = Release|Any CPU
		{F8A048DA-441D-4A45-9C79-A3FC527FC851}.Release|Any CPU.Build.0 = Release|Any CPU
	EndGlobalSection
	GlobalSection(SolutionProperties) = preSolution
		HideSolutionNode = FALSE
	EndGlobalSection
	GlobalSection(ExtensibilityGlobals) = postSolution
		SolutionGuid = {E9251E18-9DB3-4C51-8104-DDAD49652EA1}
	EndGlobalSection
EndGlobal
